
Microsoft Visual Studio Solution File, Format Version 12.00
# Visual Studio Version 17
VisualStudioVersion = 17.7.34031.279
MinimumVisualStudioVersion = 10.0.40219.1
Project("{FAE04EC0-301F-11D3-BF4B-00C04F79EFBC}") = "Chitterbox prototype 2", "Chitterbox prototype 2\Chitterbox prototype 2.csproj", "{2605C153-5302-45D2-8F52-CA8A785155B7}"
EndProject
Global
	GlobalSection(SolutionConfigurationPlatforms) = preSolution
		Debug|Any CPU = Debug|Any CPU
		Release|Any CPU = Release|Any CPU
	EndGlobalSection
	GlobalSection(ProjectConfigurationPlatforms) = postSolution
		{2605C153-5302-45D2-8F52-CA8A785155B7}.Debug|Any CPU.ActiveCfg = Debug|Any CPU
		{2605C153-5302-45D2-8F52-CA8A785155B7}.Debug|Any CPU.Build.0 = Debug|Any CPU
		{2605C153-5302-45D2-8F52-CA8A785155B7}.Release|Any CPU.ActiveCfg = Release|Any CPU
		{2605C153-5302-45D2-8F52-CA8A785155B7}.Release|Any CPU.Build.0 = Release|Any CPU
	EndGlobalSection
	GlobalSection(SolutionProperties) = preSolution
		HideSolutionNode = FALSE
	EndGlobalSection
	GlobalSection(ExtensibilityGlobals) = postSolution
		SolutionGuid = {A8C58483-F7EA-4941-87FC-92156E835082}
	EndGlobalSection
EndGlobal
